
Microsoft Visual Studio Solution File, Format Version 12.00
# Visual Studio Version 17
VisualStudioVersion = 17.11.35327.3
MinimumVisualStudioVersion = 10.0.40219.1
Project("{F184B08F-C81C-45F6-A57F-5ABD9991F28F}") = "Formato de Bilioteca", "Formato de Bilioteca.vbproj", "{27B45B17-E7A9-4901-B852-99D2070D68AE}"
EndProject
Global
	GlobalSection(SolutionConfigurationPlatforms) = preSolution
		Debug|Any CPU = Debug|Any CPU
		Release|Any CPU = Release|Any CPU
	EndGlobalSection
	GlobalSection(ProjectConfigurationPlatforms) = postSolution
		{27B45B17-E7A9-4901-B852-99D2070D68AE}.Debug|Any CPU.ActiveCfg = Debug|Any CPU
		{27B45B17-E7A9-4901-B852-99D2070D68AE}.Debug|Any CPU.Build.0 = Debug|Any CPU
		{27B45B17-E7A9-4901-B852-99D2070D68AE}.Release|Any CPU.ActiveCfg = Release|Any CPU
		{27B45B17-E7A9-4901-B852-99D2070D68AE}.Release|Any CPU.Build.0 = Release|Any CPU
	EndGlobalSection
	GlobalSection(SolutionProperties) = preSolution
		HideSolutionNode = FALSE
	EndGlobalSection
	GlobalSection(ExtensibilityGlobals) = postSolution
		SolutionGuid = {77A6258D-9A83-4326-92CE-AB12B035C02E}
	EndGlobalSection
EndGlobal
